<?xml version="1.0" encoding="utf-8"?>
<Project ToolsVersion="4.0" xmlns="http://schemas.microsoft.com/developer/msbuild/2003">
  <ItemGroup>
    <Filter Include="Source Files">
      <UniqueIdentifier>{4FC737F1-C7A5-4376-A066-2A32D752A2FF}</UniqueIdentifier>
      <Extensions>cpp;c;cc;cxx;def;odl;idl;hpj;bat;asm;asmx</Extensions>
    </Filter>
    <Filter Include="Header Files">
      <UniqueIdentifier>{93995380-89BD-4b04-88EB-625FBE52EBFB}</UniqueIdentifier>
      <Extensions>h;hpp;hxx;hm;inl;inc;xsd</Extensions>
    </Filter>
    <Filter Include="Resource Files">
      <UniqueIdentifier>{67DA6AB6-F800-4c08-8B7A-83BB121AAD01}</UniqueIdentifier>
      <Extensions>rc;ico;cur;bmp;dlg;rc2;rct;bin;rgs;gif;jpg;jpeg;jpe;resx;tiff;tif;png;wav</Extensions>
    </Filter>
    <Filter Include="SoUI Resouece">
      <UniqueIdentifier>{176a4aac-2ba6-4099-b4fb-094911f239dd}</UniqueIdentifier>
    </Filter>
  </ItemGroup>
  <ItemGroup>
    <ClCompile Include="dllmain.cpp">
      <Filter>Source Files</Filter>
    </ClCompile>
    <ClCompile Include="MainDlg.cpp">
      <Filter>Source Files</Filter>
    </ClCompile>
    <ClCompile Include="pluginapi.c">
      <Filter>Source Files</Filter>
    </ClCompile>
    <ClCompile Include="setupdll.cpp">
      <Filter>Source Files</Filter>
    </ClCompile>
    <ClCompile Include="trayicon\SShellNotifyIcon.cpp">
      <Filter>Source Files</Filter>
    </ClCompile>
    <ClCompile Include="stdafx.cpp">
      <Filter>Source Files</Filter>
    </ClCompile>
  </ItemGroup>
  <ItemGroup>
    <ClInclude Include="api.h">
      <Filter>Header Files</Filter>
    </ClInclude>
    <ClInclude Include="event.h">
      <Filter>Header Files</Filter>
    </ClInclude>
    <ClInclude Include="MainDlg.h">
      <Filter>Header Files</Filter>
    </ClInclude>
    <ClInclude Include="pluginapi.h">
      <Filter>Header Files</Filter>
    </ClInclude>
    <ClInclude Include="trayicon\SShellNotifyIcon.h">
      <Filter>Header Files</Filter>
    </ClInclude>
    <ClInclude Include="stdafx.h">
      <Filter>Header Files</Filter>
    </ClInclude>
    <ClInclude Include="targetver.h">
      <Filter>Header Files</Filter>
    </ClInclude>
    <ClInclude Include="Utils.h">
      <Filter>Header Files</Filter>
    </ClInclude>
    <ClInclude Include="resource.h">
      <Filter>Header Files</Filter>
    </ClInclude>
  </ItemGroup>
  <ItemGroup>
    <Image Include="uires\image\00020[48x12x8BPP].png">
      <Filter>Resource Files</Filter>
    </Image>
    <Image Include="uires\image\bg.png">
      <Filter>Resource Files</Filter>
    </Image>
    <Image Include="uires\image\custom_button.png">
      <Filter>Resource Files</Filter>
    </Image>
    <Image Include="uires\image\finish_ads.png">
      <Filter>Resource Files</Filter>
    </Image>
    <Image Include="uires\image\finish_feel.png">
      <Filter>Resource Files</Filter>
    </Image>
    <Image Include="uires\image\finish_finish.png">
      <Filter>Resource Files</Filter>
    </Image>
    <Image Include="uires\image\install.png">
      <Filter>Resource Files</Filter>
    </Image>
    <Image Include="uires\image\logo.ico">
      <Filter>Resource Files</Filter>
    </Image>
    <Image Include="uires\image\logo.png">
      <Filter>Resource Files</Filter>
    </Image>
    <Image Include="uires\image\logo24.png">
      <Filter>Resource Files</Filter>
    </Image>
    <Image Include="uires\image\prog_bar.png">
      <Filter>Resource Files</Filter>
    </Image>
    <Image Include="uires\image\prog_bkgnd.png">
      <Filter>Resource Files</Filter>
    </Image>
    <Image Include="uires\image\ruyitao.png">
      <Filter>Resource Files</Filter>
    </Image>
    <Image Include="uires\image\setup1.png">
      <Filter>Resource Files</Filter>
    </Image>
    <Image Include="uires\image\setup2.png">
      <Filter>Resource Files</Filter>
    </Image>
    <Image Include="uires\image\setup3.png">
      <Filter>Resource Files</Filter>
    </Image>
    <Image Include="uires\image\setup4.png">
      <Filter>Resource Files</Filter>
    </Image>
    <Image Include="uires\image\tab.png">
      <Filter>Resource Files</Filter>
    </Image>
    <Image Include="uires\image\taobrowser.png">
      <Filter>Resource Files</Filter>
    </Image>
    <Image Include="uires\image\traymenu_icons.png">
      <Filter>Resource Files</Filter>
    </Image>
    <Image Include="uires\image\vscrollbar.png">
      <Filter>Resource Files</Filter>
    </Image>
    <Image Include="uires\image\welcome_center.png">
      <Filter>Resource Files</Filter>
    </Image>
  </ItemGroup>
  <ItemGroup>
    <Xml Include="uires\xml\page_welcome.xml">
      <Filter>SoUI Resouece</Filter>
    </Xml>
    <Xml Include="uires\xml\page_unstallstart.xml">
      <Filter>SoUI Resouece</Filter>
    </Xml>
    <Xml Include="uires\xml\page_unstalling.xml">
      <Filter>SoUI Resouece</Filter>
    </Xml>
    <Xml Include="uires\xml\page_unstallfinish.xml">
      <Filter>SoUI Resouece</Filter>
    </Xml>
    <Xml Include="uires\xml\page_unstallchoose.xml">
      <Filter>SoUI Resouece</Filter>
    </Xml>
    <Xml Include="uires\xml\page_installing.xml">
      <Filter>SoUI Resouece</Filter>
    </Xml>
    <Xml Include="uires\xml\page_finish.xml">
      <Filter>SoUI Resouece</Filter>
    </Xml>
    <Xml Include="uires\xml\page_choose.xml">
      <Filter>SoUI Resouece</Filter>
    </Xml>
    <Xml Include="uires\xml\page_agreement.xml">
      <Filter>SoUI Resouece</Filter>
    </Xml>
    <Xml Include="uires\xml\msgbox.xml">
      <Filter>SoUI Resouece</Filter>
    </Xml>
    <Xml Include="uires\xml\menu_tray.xml">
      <Filter>SoUI Resouece</Filter>
    </Xml>
    <Xml Include="uires\xml\dlg_main.xml">
      <Filter>SoUI Resouece</Filter>
    </Xml>
    <Xml Include="uires\xml\init.xml">
      <Filter>SoUI Resouece</Filter>
    </Xml>
    <Xml Include="uires\Translator\lang_cn.xml">
      <Filter>SoUI Resouece</Filter>
    </Xml>
  </ItemGroup>
  <ItemGroup>
    <None Include="uires\rtf\软件协议.rtf">
      <Filter>SoUI Resouece</Filter>
    </None>
  </ItemGroup>
  <ItemGroup>
    <CustomBuild Include="uires\uires.idx">
      <Filter>SoUI Resouece</Filter>
    </CustomBuild>
  </ItemGroup>
  <ItemGroup>
    <ResourceCompile Include="setupdll.rc">
      <Filter>Resource Files</Filter>
    </ResourceCompile>
  </ItemGroup>
</Project>