
Microsoft Visual Studio Solution File, Format Version 10.00
# Visual Studio 2008
Project("{8BC9CEB8-8B4A-11D0-8D11-00A0C91BC942}") = "setupdll", "setupdll.vcproj", "{9D0C04D5-DEE0-4F2C-89A3-73BDF5822710}"
EndProject
Global
	GlobalSection(SolutionConfigurationPlatforms) = preSolution
		Debug|Win32 = Debug|Win32
		Release|Win32 = Release|Win32
	EndGlobalSection
	GlobalSection(ProjectConfigurationPlatforms) = postSolution
		{9D0C04D5-DEE0-4F2C-89A3-73BDF5822710}.Debug|Win32.ActiveCfg = Debug|Win32
		{9D0C04D5-DEE0-4F2C-89A3-73BDF5822710}.Debug|Win32.Build.0 = Debug|Win32
		{9D0C04D5-DEE0-4F2C-89A3-73BDF5822710}.Release|Win32.ActiveCfg = Release|Win32
		{9D0C04D5-DEE0-4F2C-89A3-73BDF5822710}.Release|Win32.Build.0 = Release|Win32
	EndGlobalSection
	GlobalSection(SolutionProperties) = preSolution
		HideSolutionNode = FALSE
	EndGlobalSection
EndGlobal
